
Microsoft Visual Studio Solution File, Format Version 12.00
# Visual Studio Version 17
VisualStudioVersion = 17.4.33205.214
MinimumVisualStudioVersion = 10.0.40219.1
Project("{FAE04EC0-301F-11D3-BF4B-00C04F79EFBC}") = "WebUsuarios", "WebUsuarios\WebUsuarios.csproj", "{3122631C-3759-4F17-83C4-86514D87136D}"
	ProjectSection(ProjectDependencies) = postProject
		{7E07E854-32C0-40F7-AC68-FD2AD7EA1343} = {7E07E854-32C0-40F7-AC68-FD2AD7EA1343}
	EndProjectSection
EndProject
Project("{FAE04EC0-301F-11D3-BF4B-00C04F79EFBC}") = "WcfServiceUsuarios", "WcfServiceUsuarios\WcfServiceUsuarios.csproj", "{7E07E854-32C0-40F7-AC68-FD2AD7EA1343}"
EndProject
Project("{FAE04EC0-301F-11D3-BF4B-00C04F79EFBC}") = "DataUsuarios", "DataUsuarios\DataUsuarios.csproj", "{BB18B0BB-6C5D-4451-9670-9E6C7D872DF5}"
EndProject
Global
	GlobalSection(SolutionConfigurationPlatforms) = preSolution
		Debug|Any CPU = Debug|Any CPU
		Release|Any CPU = Release|Any CPU
	EndGlobalSection
	GlobalSection(ProjectConfigurationPlatforms) = postSolution
		{3122631C-3759-4F17-83C4-86514D87136D}.Debug|Any CPU.ActiveCfg = Debug|Any CPU
		{3122631C-3759-4F17-83C4-86514D87136D}.Debug|Any CPU.Build.0 = Debug|Any CPU
		{3122631C-3759-4F17-83C4-86514D87136D}.Release|Any CPU.ActiveCfg = Release|Any CPU
		{3122631C-3759-4F17-83C4-86514D87136D}.Release|Any CPU.Build.0 = Release|Any CPU
		{7E07E854-32C0-40F7-AC68-FD2AD7EA1343}.Debug|Any CPU.ActiveCfg = Debug|Any CPU
		{7E07E854-32C0-40F7-AC68-FD2AD7EA1343}.Debug|Any CPU.Build.0 = Debug|Any CPU
		{7E07E854-32C0-40F7-AC68-FD2AD7EA1343}.Release|Any CPU.ActiveCfg = Release|Any CPU
		{7E07E854-32C0-40F7-AC68-FD2AD7EA1343}.Release|Any CPU.Build.0 = Release|Any CPU
		{BB18B0BB-6C5D-4451-9670-9E6C7D872DF5}.Debug|Any CPU.ActiveCfg = Debug|Any CPU
		{BB18B0BB-6C5D-4451-9670-9E6C7D872DF5}.Debug|Any CPU.Build.0 = Debug|Any CPU
		{BB18B0BB-6C5D-4451-9670-9E6C7D872DF5}.Release|Any CPU.ActiveCfg = Release|Any CPU
		{BB18B0BB-6C5D-4451-9670-9E6C7D872DF5}.Release|Any CPU.Build.0 = Release|Any CPU
	EndGlobalSection
	GlobalSection(SolutionProperties) = preSolution
		HideSolutionNode = FALSE
	EndGlobalSection
	GlobalSection(ExtensibilityGlobals) = postSolution
		SolutionGuid = {6159C281-DE91-43CB-8E0A-52C5DCE6C183}
	EndGlobalSection
EndGlobal
